
Microsoft Visual Studio Solution File, Format Version 12.00
# Visual Studio 15
VisualStudioVersion = 15.0.28307.705
MinimumVisualStudioVersion = 10.0.40219.1
Project("{8BC9CEB8-8B4A-11D0-8D11-00A0C91BC942}") = "IUT_DM_WFF_Calculator", "IUT_DM_WFF_Calculator\IUT_DM_WFF_Calculator.vcxproj", "{9B6FC01E-57FB-47E0-81B6-D65DE4A5F2CF}"
EndProject
Global
	GlobalSection(SolutionConfigurationPlatforms) = preSolution
		Debug|x64 = Debug|x64
		Debug|x86 = Debug|x86
		Release|x64 = Release|x64
		Release|x86 = Release|x86
	EndGlobalSection
	GlobalSection(ProjectConfigurationPlatforms) = postSolution
		{9B6FC01E-57FB-47E0-81B6-D65DE4A5F2CF}.Debug|x64.ActiveCfg = Debug|x64
		{9B6FC01E-57FB-47E0-81B6-D65DE4A5F2CF}.Debug|x64.Build.0 = Debug|x64
		{9B6FC01E-57FB-47E0-81B6-D65DE4A5F2CF}.Debug|x86.ActiveCfg = Debug|Win32
		{9B6FC01E-57FB-47E0-81B6-D65DE4A5F2CF}.Debug|x86.Build.0 = Debug|Win32
		{9B6FC01E-57FB-47E0-81B6-D65DE4A5F2CF}.Release|x64.ActiveCfg = Release|x64
		{9B6FC01E-57FB-47E0-81B6-D65DE4A5F2CF}.Release|x64.Build.0 = Release|x64
		{9B6FC01E-57FB-47E0-81B6-D65DE4A5F2CF}.Release|x86.ActiveCfg = Release|Win32
		{9B6FC01E-57FB-47E0-81B6-D65DE4A5F2CF}.Release|x86.Build.0 = Release|Win32
	EndGlobalSection
	GlobalSection(SolutionProperties) = preSolution
		HideSolutionNode = FALSE
	EndGlobalSection
	GlobalSection(ExtensibilityGlobals) = postSolution
		SolutionGuid = {A0DB45A2-2E97-47DF-8919-6AEEF3BAFA36}
	EndGlobalSection
EndGlobal
